
Microsoft Visual Studio Solution File, Format Version 12.00
# Visual Studio Version 17
VisualStudioVersion = 17.3.32922.545
MinimumVisualStudioVersion = 10.0.40219.1
Project("{FAE04EC0-301F-11D3-BF4B-00C04F79EFBC}") = "T7_2+_+JFMR+1227921", "T7_2+_+JFMR+1227921\T7_2+_+JFMR+1227921.csproj", "{E179D6E8-2BC3-4712-8EAA-57136F7E62E4}"
EndProject
Global
	GlobalSection(SolutionConfigurationPlatforms) = preSolution
		Debug|Any CPU = Debug|Any CPU
		Release|Any CPU = Release|Any CPU
	EndGlobalSection
	GlobalSection(ProjectConfigurationPlatforms) = postSolution
		{E179D6E8-2BC3-4712-8EAA-57136F7E62E4}.Debug|Any CPU.ActiveCfg = Debug|Any CPU
		{E179D6E8-2BC3-4712-8EAA-57136F7E62E4}.Debug|Any CPU.Build.0 = Debug|Any CPU
		{E179D6E8-2BC3-4712-8EAA-57136F7E62E4}.Release|Any CPU.ActiveCfg = Release|Any CPU
		{E179D6E8-2BC3-4712-8EAA-57136F7E62E4}.Release|Any CPU.Build.0 = Release|Any CPU
	EndGlobalSection
	GlobalSection(SolutionProperties) = preSolution
		HideSolutionNode = FALSE
	EndGlobalSection
	GlobalSection(ExtensibilityGlobals) = postSolution
		SolutionGuid = {7265DAA3-BE01-45AB-AE7F-A73A31054FA9}
	EndGlobalSection
EndGlobal
