
Microsoft Visual Studio Solution File, Format Version 12.00
# Visual Studio Version 17
VisualStudioVersion = 17.3.32922.545
MinimumVisualStudioVersion = 10.0.40219.1
Project("{FAE04EC0-301F-11D3-BF4B-00C04F79EFBC}") = "L12_JFMR_1227921", "L12_JFMR_1227921.csproj", "{3A8280B0-A5BA-4262-B8E1-1E2A86E53A98}"
EndProject
Global
	GlobalSection(SolutionConfigurationPlatforms) = preSolution
		Debug|Any CPU = Debug|Any CPU
		Release|Any CPU = Release|Any CPU
	EndGlobalSection
	GlobalSection(ProjectConfigurationPlatforms) = postSolution
		{3A8280B0-A5BA-4262-B8E1-1E2A86E53A98}.Debug|Any CPU.ActiveCfg = Debug|Any CPU
		{3A8280B0-A5BA-4262-B8E1-1E2A86E53A98}.Debug|Any CPU.Build.0 = Debug|Any CPU
		{3A8280B0-A5BA-4262-B8E1-1E2A86E53A98}.Release|Any CPU.ActiveCfg = Release|Any CPU
		{3A8280B0-A5BA-4262-B8E1-1E2A86E53A98}.Release|Any CPU.Build.0 = Release|Any CPU
	EndGlobalSection
	GlobalSection(SolutionProperties) = preSolution
		HideSolutionNode = FALSE
	EndGlobalSection
	GlobalSection(ExtensibilityGlobals) = postSolution
		SolutionGuid = {D7427BC0-4A2B-4E2D-AF66-31F91FDA5978}
	EndGlobalSection
EndGlobal
